// !$*UTF8*$!
{
	archiveVersion = 1;
	classes = {
	};
	objectVersion = 46;
	objects = {

/* Begin PBXBuildFile section */
		16165364143A350200BA2DCB /* CheckData.m in Sources */ = {isa = PBXBuildFile; fileRef = 16165363143A350200BA2DCB /* CheckData.m */; };
		1617053D14583CB200621160 /* AdjustmentBalanceView.m in Sources */ = {isa = PBXBuildFile; fileRef = 1617053C14583CB200621160 /* AdjustmentBalanceView.m */; };
		163FBAD41450628800906BB5 /* CheckHelper.m in Sources */ = {isa = PBXBuildFile; fileRef = 163FBAD31450628800906BB5 /* CheckHelper.m */; };
		1647946F1436A1130095C658 /* button_pressed.png in Resources */ = {isa = PBXBuildFile; fileRef = 1647946B1436A1130095C658 /* button_pressed.png */; };
		164794701436A1130095C658 /* button_pressed@2x.png in Resources */ = {isa = PBXBuildFile; fileRef = 1647946C1436A1130095C658 /* button_pressed@2x.png */; };
		164794711436A1130095C658 /* button.png in Resources */ = {isa = PBXBuildFile; fileRef = 1647946D1436A1130095C658 /* button.png */; };
		164794721436A1130095C658 /* button@2x.png in Resources */ = {isa = PBXBuildFile; fileRef = 1647946E1436A1130095C658 /* button@2x.png */; };
		166257221434BAA4006CA328 /* UIKit.framework in Frameworks */ = {isa = PBXBuildFile; fileRef = 166257211434BAA4006CA328 /* UIKit.framework */; };
		166257241434BAA4006CA328 /* Foundation.framework in Frameworks */ = {isa = PBXBuildFile; fileRef = 166257231434BAA4006CA328 /* Foundation.framework */; };
		166257261434BAA4006CA328 /* CoreGraphics.framework in Frameworks */ = {isa = PBXBuildFile; fileRef = 166257251434BAA4006CA328 /* CoreGraphics.framework */; };
		1662572C1434BAA4006CA328 /* InfoPlist.strings in Resources */ = {isa = PBXBuildFile; fileRef = 1662572A1434BAA4006CA328 /* InfoPlist.strings */; };
		1662572E1434BAA4006CA328 /* main.m in Sources */ = {isa = PBXBuildFile; fileRef = 1662572D1434BAA4006CA328 /* main.m */; };
		166257321434BAA4006CA328 /* TipCalculatorAppDelegate.m in Sources */ = {isa = PBXBuildFile; fileRef = 166257311434BAA4006CA328 /* TipCalculatorAppDelegate.m */; };
		166257351434BAA4006CA328 /* MainWindow.xib in Resources */ = {isa = PBXBuildFile; fileRef = 166257331434BAA4006CA328 /* MainWindow.xib */; };
		166257581434D624006CA328 /* SummaryViewController.m in Sources */ = {isa = PBXBuildFile; fileRef = 166257561434D624006CA328 /* SummaryViewController.m */; };
		166257591434D624006CA328 /* SummaryViewController.xib in Resources */ = {isa = PBXBuildFile; fileRef = 166257571434D624006CA328 /* SummaryViewController.xib */; };
		1662575D1434D66C006CA328 /* AdjustmentsViewController.m in Sources */ = {isa = PBXBuildFile; fileRef = 1662575B1434D66C006CA328 /* AdjustmentsViewController.m */; };
		1662575E1434D66C006CA328 /* AdjustmentsViewController.xib in Resources */ = {isa = PBXBuildFile; fileRef = 1662575C1434D66C006CA328 /* AdjustmentsViewController.xib */; };
		1664FCE51459E69F0032CE0D /* InputDisplayView.m in Sources */ = {isa = PBXBuildFile; fileRef = 1664FCE41459E69F0032CE0D /* InputDisplayView.m */; };
		166A2FE8145859E200D23870 /* RLNumberPad.m in Sources */ = {isa = PBXBuildFile; fileRef = 166A2FE7145859E200D23870 /* RLNumberPad.m */; };
		166F5D591461B188000742F2 /* Settings.m in Sources */ = {isa = PBXBuildFile; fileRef = 166F5D581461B188000742F2 /* Settings.m */; };
		1670851F143F5BA800FA3B02 /* back.png in Resources */ = {isa = PBXBuildFile; fileRef = 1670851B143F5BA800FA3B02 /* back.png */; };
		16708520143F5BA800FA3B02 /* back@2x.png in Resources */ = {isa = PBXBuildFile; fileRef = 1670851C143F5BA800FA3B02 /* back@2x.png */; };
		1670852A143F5DCD00FA3B02 /* info.png in Resources */ = {isa = PBXBuildFile; fileRef = 16708528143F5DCD00FA3B02 /* info.png */; };
		1670852B143F5DCD00FA3B02 /* info@2x.png in Resources */ = {isa = PBXBuildFile; fileRef = 16708529143F5DCD00FA3B02 /* info@2x.png */; };
		1670852E143F675600FA3B02 /* adjustment.png in Resources */ = {isa = PBXBuildFile; fileRef = 1670852C143F675600FA3B02 /* adjustment.png */; };
		1670852F143F675600FA3B02 /* adjustment@2x.png in Resources */ = {isa = PBXBuildFile; fileRef = 1670852D143F675600FA3B02 /* adjustment@2x.png */; };
		1695D0701450897C004C18EB /* NSDecimalNumber+Check.m in Sources */ = {isa = PBXBuildFile; fileRef = 1695D06F1450897C004C18EB /* NSDecimalNumber+Check.m */; };
		16CE4CBA143DEEF80075342C /* Adjustment.m in Sources */ = {isa = PBXBuildFile; fileRef = 16CE4CB9143DEEF80075342C /* Adjustment.m */; };
		16DD3A611459AF68001FBF59 /* RLNumberPadDigits.m in Sources */ = {isa = PBXBuildFile; fileRef = 16DD3A601459AF68001FBF59 /* RLNumberPadDigits.m */; };
		16E6AEBA1435EB5800D47637 /* SettingsViewController.m in Sources */ = {isa = PBXBuildFile; fileRef = 16E6AEB81435EB5800D47637 /* SettingsViewController.m */; };
		16E6AEBB1435EB5800D47637 /* SettingsViewController.xib in Resources */ = {isa = PBXBuildFile; fileRef = 16E6AEB91435EB5800D47637 /* SettingsViewController.xib */; };
		16E6AECF14362FD100D47637 /* Check.m in Sources */ = {isa = PBXBuildFile; fileRef = 16E6AECE14362FD100D47637 /* Check.m */; };
/* End PBXBuildFile section */

/* Begin PBXFileReference section */
		16165362143A350100BA2DCB /* CheckData.h */ = {isa = PBXFileReference; fileEncoding = 4; lastKnownFileType = sourcecode.c.h; path = CheckData.h; sourceTree = "<group>"; };
		16165363143A350200BA2DCB /* CheckData.m */ = {isa = PBXFileReference; fileEncoding = 4; lastKnownFileType = sourcecode.c.objc; path = CheckData.m; sourceTree = "<group>"; };
		1617053B14583CB200621160 /* AdjustmentBalanceView.h */ = {isa = PBXFileReference; fileEncoding = 4; lastKnownFileType = sourcecode.c.h; path = AdjustmentBalanceView.h; sourceTree = "<group>"; };
		1617053C14583CB200621160 /* AdjustmentBalanceView.m */ = {isa = PBXFileReference; fileEncoding = 4; lastKnownFileType = sourcecode.c.objc; path = AdjustmentBalanceView.m; sourceTree = "<group>"; };
		163FBAD21450628800906BB5 /* CheckHelper.h */ = {isa = PBXFileReference; fileEncoding = 4; lastKnownFileType = sourcecode.c.h; path = CheckHelper.h; sourceTree = "<group>"; };
		163FBAD31450628800906BB5 /* CheckHelper.m */ = {isa = PBXFileReference; fileEncoding = 4; lastKnownFileType = sourcecode.c.objc; path = CheckHelper.m; sourceTree = "<group>"; };
		1647946B1436A1130095C658 /* button_pressed.png */ = {isa = PBXFileReference; lastKnownFileType = image.png; path = button_pressed.png; sourceTree = "<group>"; };
		1647946C1436A1130095C658 /* button_pressed@2x.png */ = {isa = PBXFileReference; lastKnownFileType = image.png; path = "button_pressed@2x.png"; sourceTree = "<group>"; };
		1647946D1436A1130095C658 /* button.png */ = {isa = PBXFileReference; lastKnownFileType = image.png; path = button.png; sourceTree = "<group>"; };
		1647946E1436A1130095C658 /* button@2x.png */ = {isa = PBXFileReference; lastKnownFileType = image.png; path = "button@2x.png"; sourceTree = "<group>"; };
		1662571D1434BAA4006CA328 /* TipCalculator.app */ = {isa = PBXFileReference; explicitFileType = wrapper.application; includeInIndex = 0; path = TipCalculator.app; sourceTree = BUILT_PRODUCTS_DIR; };
		166257211434BAA4006CA328 /* UIKit.framework */ = {isa = PBXFileReference; lastKnownFileType = wrapper.framework; name = UIKit.framework; path = System/Library/Frameworks/UIKit.framework; sourceTree = SDKROOT; };
		166257231434BAA4006CA328 /* Foundation.framework */ = {isa = PBXFileReference; lastKnownFileType = wrapper.framework; name = Foundation.framework; path = System/Library/Frameworks/Foundation.framework; sourceTree = SDKROOT; };
		166257251434BAA4006CA328 /* CoreGraphics.framework */ = {isa = PBXFileReference; lastKnownFileType = wrapper.framework; name = CoreGraphics.framework; path = System/Library/Frameworks/CoreGraphics.framework; sourceTree = SDKROOT; };
		166257291434BAA4006CA328 /* TipCalculator-Info.plist */ = {isa = PBXFileReference; lastKnownFileType = text.plist.xml; path = "TipCalculator-Info.plist"; sourceTree = "<group>"; };
		1662572B1434BAA4006CA328 /* en */ = {isa = PBXFileReference; lastKnownFileType = text.plist.strings; name = en; path = en.lproj/InfoPlist.strings; sourceTree = "<group>"; };
		1662572D1434BAA4006CA328 /* main.m */ = {isa = PBXFileReference; lastKnownFileType = sourcecode.c.objc; path = main.m; sourceTree = "<group>"; };
		1662572F1434BAA4006CA328 /* TipCalculator-Prefix.pch */ = {isa = PBXFileReference; lastKnownFileType = sourcecode.c.h; path = "TipCalculator-Prefix.pch"; sourceTree = "<group>"; };
		166257301434BAA4006CA328 /* TipCalculatorAppDelegate.h */ = {isa = PBXFileReference; lastKnownFileType = sourcecode.c.h; path = TipCalculatorAppDelegate.h; sourceTree = "<group>"; };
		166257311434BAA4006CA328 /* TipCalculatorAppDelegate.m */ = {isa = PBXFileReference; lastKnownFileType = sourcecode.c.objc; path = TipCalculatorAppDelegate.m; sourceTree = "<group>"; };
		166257341434BAA4006CA328 /* en */ = {isa = PBXFileReference; lastKnownFileType = file.xib; name = en; path = en.lproj/MainWindow.xib; sourceTree = "<group>"; };
		166257551434D624006CA328 /* SummaryViewController.h */ = {isa = PBXFileReference; fileEncoding = 4; lastKnownFileType = sourcecode.c.h; path = SummaryViewController.h; sourceTree = "<group>"; };
		166257561434D624006CA328 /* SummaryViewController.m */ = {isa = PBXFileReference; fileEncoding = 4; lastKnownFileType = sourcecode.c.objc; path = SummaryViewController.m; sourceTree = "<group>"; };
		166257571434D624006CA328 /* SummaryViewController.xib */ = {isa = PBXFileReference; fileEncoding = 4; lastKnownFileType = file.xib; path = SummaryViewController.xib; sourceTree = "<group>"; };
		1662575A1434D66C006CA328 /* AdjustmentsViewController.h */ = {isa = PBXFileReference; fileEncoding = 4; lastKnownFileType = sourcecode.c.h; path = AdjustmentsViewController.h; sourceTree = "<group>"; };
		1662575B1434D66C006CA328 /* AdjustmentsViewController.m */ = {isa = PBXFileReference; fileEncoding = 4; lastKnownFileType = sourcecode.c.objc; path = AdjustmentsViewController.m; sourceTree = "<group>"; };
		1662575C1434D66C006CA328 /* AdjustmentsViewController.xib */ = {isa = PBXFileReference; fileEncoding = 4; lastKnownFileType = file.xib; path = AdjustmentsViewController.xib; sourceTree = "<group>"; };
		1664FCE31459E69F0032CE0D /* InputDisplayView.h */ = {isa = PBXFileReference; fileEncoding = 4; lastKnownFileType = sourcecode.c.h; path = InputDisplayView.h; sourceTree = "<group>"; };
		1664FCE41459E69F0032CE0D /* InputDisplayView.m */ = {isa = PBXFileReference; fileEncoding = 4; lastKnownFileType = sourcecode.c.objc; path = InputDisplayView.m; sourceTree = "<group>"; };
		166A2FE6145859E200D23870 /* RLNumberPad.h */ = {isa = PBXFileReference; fileEncoding = 4; lastKnownFileType = sourcecode.c.h; path = RLNumberPad.h; sourceTree = "<group>"; };
		166A2FE7145859E200D23870 /* RLNumberPad.m */ = {isa = PBXFileReference; fileEncoding = 4; lastKnownFileType = sourcecode.c.objc; path = RLNumberPad.m; sourceTree = "<group>"; };
		166F5D571461B188000742F2 /* Settings.h */ = {isa = PBXFileReference; fileEncoding = 4; lastKnownFileType = sourcecode.c.h; path = Settings.h; sourceTree = "<group>"; };
		166F5D581461B188000742F2 /* Settings.m */ = {isa = PBXFileReference; fileEncoding = 4; lastKnownFileType = sourcecode.c.objc; path = Settings.m; sourceTree = "<group>"; };
		1670851B143F5BA800FA3B02 /* back.png */ = {isa = PBXFileReference; lastKnownFileType = image.png; path = back.png; sourceTree = "<group>"; };
		1670851C143F5BA800FA3B02 /* back@2x.png */ = {isa = PBXFileReference; lastKnownFileType = image.png; path = "back@2x.png"; sourceTree = "<group>"; };
		16708528143F5DCD00FA3B02 /* info.png */ = {isa = PBXFileReference; lastKnownFileType = image.png; path = info.png; sourceTree = "<group>"; };
		16708529143F5DCD00FA3B02 /* info@2x.png */ = {isa = PBXFileReference; lastKnownFileType = image.png; path = "info@2x.png"; sourceTree = "<group>"; };
		1670852C143F675600FA3B02 /* adjustment.png */ = {isa = PBXFileReference; lastKnownFileType = image.png; path = adjustment.png; sourceTree = "<group>"; };
		1670852D143F675600FA3B02 /* adjustment@2x.png */ = {isa = PBXFileReference; lastKnownFileType = image.png; path = "adjustment@2x.png"; sourceTree = "<group>"; };
		1695D06E1450897C004C18EB /* NSDecimalNumber+Check.h */ = {isa = PBXFileReference; fileEncoding = 4; lastKnownFileType = sourcecode.c.h; path = "NSDecimalNumber+Check.h"; sourceTree = "<group>"; };
		1695D06F1450897C004C18EB /* NSDecimalNumber+Check.m */ = {isa = PBXFileReference; fileEncoding = 4; lastKnownFileType = sourcecode.c.objc; path = "NSDecimalNumber+Check.m"; sourceTree = "<group>"; };
		16CE4CB8143DEEF80075342C /* Adjustment.h */ = {isa = PBXFileReference; fileEncoding = 4; lastKnownFileType = sourcecode.c.h; path = Adjustment.h; sourceTree = "<group>"; };
		16CE4CB9143DEEF80075342C /* Adjustment.m */ = {isa = PBXFileReference; fileEncoding = 4; lastKnownFileType = sourcecode.c.objc; path = Adjustment.m; sourceTree = "<group>"; };
		16DD3A5F1459AF68001FBF59 /* RLNumberPadDigits.h */ = {isa = PBXFileReference; fileEncoding = 4; lastKnownFileType = sourcecode.c.h; path = RLNumberPadDigits.h; sourceTree = "<group>"; };
		16DD3A601459AF68001FBF59 /* RLNumberPadDigits.m */ = {isa = PBXFileReference; fileEncoding = 4; lastKnownFileType = sourcecode.c.objc; path = RLNumberPadDigits.m; sourceTree = "<group>"; };
		16E6AEB71435EB5800D47637 /* SettingsViewController.h */ = {isa = PBXFileReference; fileEncoding = 4; lastKnownFileType = sourcecode.c.h; path = SettingsViewController.h; sourceTree = "<group>"; };
		16E6AEB81435EB5800D47637 /* SettingsViewController.m */ = {isa = PBXFileReference; fileEncoding = 4; lastKnownFileType = sourcecode.c.objc; path = SettingsViewController.m; sourceTree = "<group>"; };
		16E6AEB91435EB5800D47637 /* SettingsViewController.xib */ = {isa = PBXFileReference; fileEncoding = 4; lastKnownFileType = file.xib; path = SettingsViewController.xib; sourceTree = "<group>"; };
		16E6AECD14362FD000D47637 /* Check.h */ = {isa = PBXFileReference; fileEncoding = 4; lastKnownFileType = sourcecode.c.h; path = Check.h; sourceTree = "<group>"; };
		16E6AECE14362FD100D47637 /* Check.m */ = {isa = PBXFileReference; fileEncoding = 4; lastKnownFileType = sourcecode.c.objc; path = Check.m; sourceTree = "<group>"; };
/* End PBXFileReference section */

/* Begin PBXFrameworksBuildPhase section */
		1662571A1434BAA4006CA328 /* Frameworks */ = {
			isa = PBXFrameworksBuildPhase;
			buildActionMask = 2147483647;
			files = (
				166257221434BAA4006CA328 /* UIKit.framework in Frameworks */,
				166257241434BAA4006CA328 /* Foundation.framework in Frameworks */,
				166257261434BAA4006CA328 /* CoreGraphics.framework in Frameworks */,
			);
			runOnlyForDeploymentPostprocessing = 0;
		};
/* End PBXFrameworksBuildPhase section */

/* Begin PBXGroup section */
		16479452143692DE0095C658 /* Custom Views */ = {
			isa = PBXGroup;
			children = (
				1617053B14583CB200621160 /* AdjustmentBalanceView.h */,
				1617053C14583CB200621160 /* AdjustmentBalanceView.m */,
				166A2FE6145859E200D23870 /* RLNumberPad.h */,
				166A2FE7145859E200D23870 /* RLNumberPad.m */,
				1664FCE31459E69F0032CE0D /* InputDisplayView.h */,
				1664FCE41459E69F0032CE0D /* InputDisplayView.m */,
			);
			name = "Custom Views";
			sourceTree = "<group>";
		};
		164794621436A0390095C658 /* images */ = {
			isa = PBXGroup;
			children = (
				1670852C143F675600FA3B02 /* adjustment.png */,
				1670852D143F675600FA3B02 /* adjustment@2x.png */,
				16708528143F5DCD00FA3B02 /* info.png */,
				16708529143F5DCD00FA3B02 /* info@2x.png */,
				1670851B143F5BA800FA3B02 /* back.png */,
				1670851C143F5BA800FA3B02 /* back@2x.png */,
				1647946B1436A1130095C658 /* button_pressed.png */,
				1647946C1436A1130095C658 /* button_pressed@2x.png */,
				1647946D1436A1130095C658 /* button.png */,
				1647946E1436A1130095C658 /* button@2x.png */,
			);
			name = images;
			sourceTree = "<group>";
		};
		166257121434BAA4006CA328 = {
			isa = PBXGroup;
			children = (
				166257271434BAA4006CA328 /* TipCalculator */,
				166257201434BAA4006CA328 /* Frameworks */,
				1662571E1434BAA4006CA328 /* Products */,
			);
			sourceTree = "<group>";
		};
		1662571E1434BAA4006CA328 /* Products */ = {
			isa = PBXGroup;
			children = (
				1662571D1434BAA4006CA328 /* TipCalculator.app */,
			);
			name = Products;
			sourceTree = "<group>";
		};
		166257201434BAA4006CA328 /* Frameworks */ = {
			isa = PBXGroup;
			children = (
				166257211434BAA4006CA328 /* UIKit.framework */,
				166257231434BAA4006CA328 /* Foundation.framework */,
				166257251434BAA4006CA328 /* CoreGraphics.framework */,
			);
			name = Frameworks;
			sourceTree = "<group>";
		};
		166257271434BAA4006CA328 /* TipCalculator */ = {
			isa = PBXGroup;
			children = (
				166257301434BAA4006CA328 /* TipCalculatorAppDelegate.h */,
				166257311434BAA4006CA328 /* TipCalculatorAppDelegate.m */,
				1662573C1434BAD0006CA328 /* View Controllers */,
				1662573D1434BADE006CA328 /* Model + Data */,
				16479452143692DE0095C658 /* Custom Views */,
				1662573B1434BAB3006CA328 /* Views */,
				166257281434BAA4006CA328 /* Supporting Files */,
			);
			path = TipCalculator;
			sourceTree = "<group>";
		};
		166257281434BAA4006CA328 /* Supporting Files */ = {
			isa = PBXGroup;
			children = (
				164794621436A0390095C658 /* images */,
				166257291434BAA4006CA328 /* TipCalculator-Info.plist */,
				1662572A1434BAA4006CA328 /* InfoPlist.strings */,
				1662572D1434BAA4006CA328 /* main.m */,
				1662572F1434BAA4006CA328 /* TipCalculator-Prefix.pch */,
			);
			name = "Supporting Files";
			sourceTree = "<group>";
		};
		1662573B1434BAB3006CA328 /* Views */ = {
			isa = PBXGroup;
			children = (
				166257331434BAA4006CA328 /* MainWindow.xib */,
				166257571434D624006CA328 /* SummaryViewController.xib */,
				1662575C1434D66C006CA328 /* AdjustmentsViewController.xib */,
				16E6AEB91435EB5800D47637 /* SettingsViewController.xib */,
			);
			name = Views;
			sourceTree = "<group>";
		};
		1662573C1434BAD0006CA328 /* View Controllers */ = {
			isa = PBXGroup;
			children = (
				166257551434D624006CA328 /* SummaryViewController.h */,
				166257561434D624006CA328 /* SummaryViewController.m */,
				1662575A1434D66C006CA328 /* AdjustmentsViewController.h */,
				1662575B1434D66C006CA328 /* AdjustmentsViewController.m */,
				16E6AEB71435EB5800D47637 /* SettingsViewController.h */,
				16E6AEB81435EB5800D47637 /* SettingsViewController.m */,
			);
			name = "View Controllers";
			sourceTree = "<group>";
		};
		1662573D1434BADE006CA328 /* Model + Data */ = {
			isa = PBXGroup;
			children = (
				16E6AECD14362FD000D47637 /* Check.h */,
				16E6AECE14362FD100D47637 /* Check.m */,
				16165362143A350100BA2DCB /* CheckData.h */,
				16165363143A350200BA2DCB /* CheckData.m */,
				16CE4CB8143DEEF80075342C /* Adjustment.h */,
				16CE4CB9143DEEF80075342C /* Adjustment.m */,
				163FBAD21450628800906BB5 /* CheckHelper.h */,
				163FBAD31450628800906BB5 /* CheckHelper.m */,
				1695D06E1450897C004C18EB /* NSDecimalNumber+Check.h */,
				1695D06F1450897C004C18EB /* NSDecimalNumber+Check.m */,
				16DD3A5F1459AF68001FBF59 /* RLNumberPadDigits.h */,
				16DD3A601459AF68001FBF59 /* RLNumberPadDigits.m */,
				166F5D571461B188000742F2 /* Settings.h */,
				166F5D581461B188000742F2 /* Settings.m */,
			);
			name = "Model + Data";
			sourceTree = "<group>";
		};
/* End PBXGroup section */

/* Begin PBXNativeTarget section */
		1662571C1434BAA4006CA328 /* TipCalculator */ = {
			isa = PBXNativeTarget;
			buildConfigurationList = 166257381434BAA4006CA328 /* Build configuration list for PBXNativeTarget "TipCalculator" */;
			buildPhases = (
				166257191434BAA4006CA328 /* Sources */,
				1662571A1434BAA4006CA328 /* Frameworks */,
				1662571B1434BAA4006CA328 /* Resources */,
			);
			buildRules = (
			);
			dependencies = (
			);
			name = TipCalculator;
			productName = TipCalculator;
			productReference = 1662571D1434BAA4006CA328 /* TipCalculator.app */;
			productType = "com.apple.product-type.application";
		};
/* End PBXNativeTarget section */

/* Begin PBXProject section */
		166257141434BAA4006CA328 /* Project object */ = {
			isa = PBXProject;
			attributes = {
				LastUpgradeCheck = 0420;
			};
			buildConfigurationList = 166257171434BAA4006CA328 /* Build configuration list for PBXProject "TipCalculator" */;
			compatibilityVersion = "Xcode 3.2";
			developmentRegion = English;
			hasScannedForEncodings = 0;
			knownRegions = (
				en,
			);
			mainGroup = 166257121434BAA4006CA328;
			productRefGroup = 1662571E1434BAA4006CA328 /* Products */;
			projectDirPath = "";
			projectRoot = "";
			targets = (
				1662571C1434BAA4006CA328 /* TipCalculator */,
			);
		};
/* End PBXProject section */

/* Begin PBXResourcesBuildPhase section */
		1662571B1434BAA4006CA328 /* Resources */ = {
			isa = PBXResourcesBuildPhase;
			buildActionMask = 2147483647;
			files = (
				1662572C1434BAA4006CA328 /* InfoPlist.strings in Resources */,
				166257351434BAA4006CA328 /* MainWindow.xib in Resources */,
				166257591434D624006CA328 /* SummaryViewController.xib in Resources */,
				1662575E1434D66C006CA328 /* AdjustmentsViewController.xib in Resources */,
				16E6AEBB1435EB5800D47637 /* SettingsViewController.xib in Resources */,
				1647946F1436A1130095C658 /* button_pressed.png in Resources */,
				164794701436A1130095C658 /* button_pressed@2x.png in Resources */,
				164794711436A1130095C658 /* button.png in Resources */,
				164794721436A1130095C658 /* button@2x.png in Resources */,
				1670851F143F5BA800FA3B02 /* back.png in Resources */,
				16708520143F5BA800FA3B02 /* back@2x.png in Resources */,
				1670852A143F5DCD00FA3B02 /* info.png in Resources */,
				1670852B143F5DCD00FA3B02 /* info@2x.png in Resources */,
				1670852E143F675600FA3B02 /* adjustment.png in Resources */,
				1670852F143F675600FA3B02 /* adjustment@2x.png in Resources */,
			);
			runOnlyForDeploymentPostprocessing = 0;
		};
/* End PBXResourcesBuildPhase section */

/* Begin PBXSourcesBuildPhase section */
		166257191434BAA4006CA328 /* Sources */ = {
			isa = PBXSourcesBuildPhase;
			buildActionMask = 2147483647;
			files = (
				1662572E1434BAA4006CA328 /* main.m in Sources */,
				166257321434BAA4006CA328 /* TipCalculatorAppDelegate.m in Sources */,
				166257581434D624006CA328 /* SummaryViewController.m in Sources */,
				1662575D1434D66C006CA328 /* AdjustmentsViewController.m in Sources */,
				16E6AEBA1435EB5800D47637 /* SettingsViewController.m in Sources */,
				16E6AECF14362FD100D47637 /* Check.m in Sources */,
				16165364143A350200BA2DCB /* CheckData.m in Sources */,
				16CE4CBA143DEEF80075342C /* Adjustment.m in Sources */,
				163FBAD41450628800906BB5 /* CheckHelper.m in Sources */,
				1695D0701450897C004C18EB /* NSDecimalNumber+Check.m in Sources */,
				1617053D14583CB200621160 /* AdjustmentBalanceView.m in Sources */,
				166A2FE8145859E200D23870 /* RLNumberPad.m in Sources */,
				16DD3A611459AF68001FBF59 /* RLNumberPadDigits.m in Sources */,
				1664FCE51459E69F0032CE0D /* InputDisplayView.m in Sources */,
				166F5D591461B188000742F2 /* Settings.m in Sources */,
			);
			runOnlyForDeploymentPostprocessing = 0;
		};
/* End PBXSourcesBuildPhase section */

/* Begin PBXVariantGroup section */
		1662572A1434BAA4006CA328 /* InfoPlist.strings */ = {
			isa = PBXVariantGroup;
			children = (
				1662572B1434BAA4006CA328 /* en */,
			);
			name = InfoPlist.strings;
			sourceTree = "<group>";
		};
		166257331434BAA4006CA328 /* MainWindow.xib */ = {
			isa = PBXVariantGroup;
			children = (
				166257341434BAA4006CA328 /* en */,
			);
			name = MainWindow.xib;
			sourceTree = "<group>";
		};
/* End PBXVariantGroup section */

/* Begin XCBuildConfiguration section */
		166257361434BAA4006CA328 /* Debug */ = {
			isa = XCBuildConfiguration;
			buildSettings = {
				ALWAYS_SEARCH_USER_PATHS = NO;
				ARCHS = "$(ARCHS_STANDARD_32_BIT)";
				"CODE_SIGN_IDENTITY[sdk=iphoneos*]" = "iPhone Developer";
				COPY_PHASE_STRIP = NO;
				GCC_C_LANGUAGE_STANDARD = gnu99;
				GCC_DYNAMIC_NO_PIC = NO;
				GCC_OPTIMIZATION_LEVEL = 0;
				GCC_PREPROCESSOR_DEFINITIONS = (
					"DEBUG=1",
					"$(inherited)",
				);
				GCC_SYMBOLS_PRIVATE_EXTERN = NO;
				GCC_VERSION = com.apple.compilers.llvmgcc42;
				GCC_WARN_ABOUT_MISSING_PROTOTYPES = YES;
				GCC_WARN_ABOUT_RETURN_TYPE = YES;
				GCC_WARN_UNUSED_VARIABLE = YES;
				IPHONEOS_DEPLOYMENT_TARGET = 4.2;
				SDKROOT = iphoneos;
			};
			name = Debug;
		};
		166257371434BAA4006CA328 /* Release */ = {
			isa = XCBuildConfiguration;
			buildSettings = {
				ALWAYS_SEARCH_USER_PATHS = NO;
				ARCHS = "$(ARCHS_STANDARD_32_BIT)";
				"CODE_SIGN_IDENTITY[sdk=iphoneos*]" = "iPhone Developer";
				COPY_PHASE_STRIP = YES;
				GCC_C_LANGUAGE_STANDARD = gnu99;
				GCC_VERSION = com.apple.compilers.llvmgcc42;
				GCC_WARN_ABOUT_MISSING_PROTOTYPES = YES;
				GCC_WARN_ABOUT_RETURN_TYPE = YES;
				GCC_WARN_UNUSED_VARIABLE = YES;
				IPHONEOS_DEPLOYMENT_TARGET = 4.2;
				OTHER_CFLAGS = "-DNS_BLOCK_ASSERTIONS=1";
				SDKROOT = iphoneos;
				VALIDATE_PRODUCT = YES;
			};
			name = Release;
		};
		166257391434BAA4006CA328 /* Debug */ = {
			isa = XCBuildConfiguration;
			buildSettings = {
				GCC_PRECOMPILE_PREFIX_HEADER = YES;
				GCC_PREFIX_HEADER = "TipCalculator/TipCalculator-Prefix.pch";
				GCC_VERSION = com.apple.compilers.llvm.clang.1_0;
				INFOPLIST_FILE = "TipCalculator/TipCalculator-Info.plist";
				PRODUCT_NAME = "$(TARGET_NAME)";
				WRAPPER_EXTENSION = app;
			};
			name = Debug;
		};
		1662573A1434BAA4006CA328 /* Release */ = {
			isa = XCBuildConfiguration;
			buildSettings = {
				GCC_PRECOMPILE_PREFIX_HEADER = YES;
				GCC_PREFIX_HEADER = "TipCalculator/TipCalculator-Prefix.pch";
				GCC_VERSION = com.apple.compilers.llvm.clang.1_0;
				INFOPLIST_FILE = "TipCalculator/TipCalculator-Info.plist";
				PRODUCT_NAME = "$(TARGET_NAME)";
				WRAPPER_EXTENSION = app;
			};
			name = Release;
		};
/* End XCBuildConfiguration section */

/* Begin XCConfigurationList section */
		166257171434BAA4006CA328 /* Build configuration list for PBXProject "TipCalculator" */ = {
			isa = XCConfigurationList;
			buildConfigurations = (
				166257361434BAA4006CA328 /* Debug */,
				166257371434BAA4006CA328 /* Release */,
			);
			defaultConfigurationIsVisible = 0;
			defaultConfigurationName = Release;
		};
		166257381434BAA4006CA328 /* Build configuration list for PBXNativeTarget "TipCalculator" */ = {
			isa = XCConfigurationList;
			buildConfigurations = (
				166257391434BAA4006CA328 /* Debug */,
				1662573A1434BAA4006CA328 /* Release */,
			);
			defaultConfigurationIsVisible = 0;
			defaultConfigurationName = Release;
		};
/* End XCConfigurationList section */
	};
	rootObject = 166257141434BAA4006CA328 /* Project object */;
}
