// !$*UTF8*$!
{
	archiveVersion = 1;
	classes = {
	};
	objectVersion = 46;
	objects = {

/* Begin PBXBuildFile section */
		166257221434BAA4006CA328 /* UIKit.framework in Frameworks */ = {isa = PBXBuildFile; fileRef = 166257211434BAA4006CA328 /* UIKit.framework */; };
		166257241434BAA4006CA328 /* Foundation.framework in Frameworks */ = {isa = PBXBuildFile; fileRef = 166257231434BAA4006CA328 /* Foundation.framework */; };
		166257261434BAA4006CA328 /* CoreGraphics.framework in Frameworks */ = {isa = PBXBuildFile; fileRef = 166257251434BAA4006CA328 /* CoreGraphics.framework */; };
		1662572C1434BAA4006CA328 /* InfoPlist.strings in Resources */ = {isa = PBXBuildFile; fileRef = 1662572A1434BAA4006CA328 /* InfoPlist.strings */; };
		1662572E1434BAA4006CA328 /* main.m in Sources */ = {isa = PBXBuildFile; fileRef = 1662572D1434BAA4006CA328 /* main.m */; };
		166257321434BAA4006CA328 /* TipCalculatorAppDelegate.m in Sources */ = {isa = PBXBuildFile; fileRef = 166257311434BAA4006CA328 /* TipCalculatorAppDelegate.m */; };
		166257351434BAA4006CA328 /* MainWindow.xib in Resources */ = {isa = PBXBuildFile; fileRef = 166257331434BAA4006CA328 /* MainWindow.xib */; };
		1662574A1434C364006CA328 /* ContentController.m in Sources */ = {isa = PBXBuildFile; fileRef = 166257491434C364006CA328 /* ContentController.m */; };
		166257541434CBB0006CA328 /* Content.xib in Resources */ = {isa = PBXBuildFile; fileRef = 166257531434CBB0006CA328 /* Content.xib */; };
		166257581434D624006CA328 /* SummaryViewController.m in Sources */ = {isa = PBXBuildFile; fileRef = 166257561434D624006CA328 /* SummaryViewController.m */; };
		166257591434D624006CA328 /* SummaryViewController.xib in Resources */ = {isa = PBXBuildFile; fileRef = 166257571434D624006CA328 /* SummaryViewController.xib */; };
		1662575D1434D66C006CA328 /* AdjustmentsViewController.m in Sources */ = {isa = PBXBuildFile; fileRef = 1662575B1434D66C006CA328 /* AdjustmentsViewController.m */; };
		1662575E1434D66C006CA328 /* AdjustmentsViewController.xib in Resources */ = {isa = PBXBuildFile; fileRef = 1662575C1434D66C006CA328 /* AdjustmentsViewController.xib */; };
/* End PBXBuildFile section */

/* Begin PBXFileReference section */
		1662571D1434BAA4006CA328 /* TipCalculator.app */ = {isa = PBXFileReference; explicitFileType = wrapper.application; includeInIndex = 0; path = TipCalculator.app; sourceTree = BUILT_PRODUCTS_DIR; };
		166257211434BAA4006CA328 /* UIKit.framework */ = {isa = PBXFileReference; lastKnownFileType = wrapper.framework; name = UIKit.framework; path = System/Library/Frameworks/UIKit.framework; sourceTree = SDKROOT; };
		166257231434BAA4006CA328 /* Foundation.framework */ = {isa = PBXFileReference; lastKnownFileType = wrapper.framework; name = Foundation.framework; path = System/Library/Frameworks/Foundation.framework; sourceTree = SDKROOT; };
		166257251434BAA4006CA328 /* CoreGraphics.framework */ = {isa = PBXFileReference; lastKnownFileType = wrapper.framework; name = CoreGraphics.framework; path = System/Library/Frameworks/CoreGraphics.framework; sourceTree = SDKROOT; };
		166257291434BAA4006CA328 /* TipCalculator-Info.plist */ = {isa = PBXFileReference; lastKnownFileType = text.plist.xml; path = "TipCalculator-Info.plist"; sourceTree = "<group>"; };
		1662572B1434BAA4006CA328 /* en */ = {isa = PBXFileReference; lastKnownFileType = text.plist.strings; name = en; path = en.lproj/InfoPlist.strings; sourceTree = "<group>"; };
		1662572D1434BAA4006CA328 /* main.m */ = {isa = PBXFileReference; lastKnownFileType = sourcecode.c.objc; path = main.m; sourceTree = "<group>"; };
		1662572F1434BAA4006CA328 /* TipCalculator-Prefix.pch */ = {isa = PBXFileReference; lastKnownFileType = sourcecode.c.h; path = "TipCalculator-Prefix.pch"; sourceTree = "<group>"; };
		166257301434BAA4006CA328 /* TipCalculatorAppDelegate.h */ = {isa = PBXFileReference; lastKnownFileType = sourcecode.c.h; path = TipCalculatorAppDelegate.h; sourceTree = "<group>"; };
		166257311434BAA4006CA328 /* TipCalculatorAppDelegate.m */ = {isa = PBXFileReference; lastKnownFileType = sourcecode.c.objc; path = TipCalculatorAppDelegate.m; sourceTree = "<group>"; };
		166257341434BAA4006CA328 /* en */ = {isa = PBXFileReference; lastKnownFileType = file.xib; name = en; path = en.lproj/MainWindow.xib; sourceTree = "<group>"; };
		166257481434C364006CA328 /* ContentController.h */ = {isa = PBXFileReference; fileEncoding = 4; lastKnownFileType = sourcecode.c.h; path = ContentController.h; sourceTree = "<group>"; };
		166257491434C364006CA328 /* ContentController.m */ = {isa = PBXFileReference; fileEncoding = 4; lastKnownFileType = sourcecode.c.objc; path = ContentController.m; sourceTree = "<group>"; };
		166257531434CBB0006CA328 /* Content.xib */ = {isa = PBXFileReference; fileEncoding = 4; lastKnownFileType = file.xib; path = Content.xib; sourceTree = "<group>"; };
		166257551434D624006CA328 /* SummaryViewController.h */ = {isa = PBXFileReference; fileEncoding = 4; lastKnownFileType = sourcecode.c.h; path = SummaryViewController.h; sourceTree = "<group>"; };
		166257561434D624006CA328 /* SummaryViewController.m */ = {isa = PBXFileReference; fileEncoding = 4; lastKnownFileType = sourcecode.c.objc; path = SummaryViewController.m; sourceTree = "<group>"; };
		166257571434D624006CA328 /* SummaryViewController.xib */ = {isa = PBXFileReference; fileEncoding = 4; lastKnownFileType = file.xib; path = SummaryViewController.xib; sourceTree = "<group>"; };
		1662575A1434D66C006CA328 /* AdjustmentsViewController.h */ = {isa = PBXFileReference; fileEncoding = 4; lastKnownFileType = sourcecode.c.h; path = AdjustmentsViewController.h; sourceTree = "<group>"; };
		1662575B1434D66C006CA328 /* AdjustmentsViewController.m */ = {isa = PBXFileReference; fileEncoding = 4; lastKnownFileType = sourcecode.c.objc; path = AdjustmentsViewController.m; sourceTree = "<group>"; };
		1662575C1434D66C006CA328 /* AdjustmentsViewController.xib */ = {isa = PBXFileReference; fileEncoding = 4; lastKnownFileType = file.xib; path = AdjustmentsViewController.xib; sourceTree = "<group>"; };
/* End PBXFileReference section */

/* Begin PBXFrameworksBuildPhase section */
		1662571A1434BAA4006CA328 /* Frameworks */ = {
			isa = PBXFrameworksBuildPhase;
			buildActionMask = 2147483647;
			files = (
				166257221434BAA4006CA328 /* UIKit.framework in Frameworks */,
				166257241434BAA4006CA328 /* Foundation.framework in Frameworks */,
				166257261434BAA4006CA328 /* CoreGraphics.framework in Frameworks */,
			);
			runOnlyForDeploymentPostprocessing = 0;
		};
/* End PBXFrameworksBuildPhase section */

/* Begin PBXGroup section */
		166257121434BAA4006CA328 = {
			isa = PBXGroup;
			children = (
				166257271434BAA4006CA328 /* TipCalculator */,
				166257201434BAA4006CA328 /* Frameworks */,
				1662571E1434BAA4006CA328 /* Products */,
			);
			sourceTree = "<group>";
		};
		1662571E1434BAA4006CA328 /* Products */ = {
			isa = PBXGroup;
			children = (
				1662571D1434BAA4006CA328 /* TipCalculator.app */,
			);
			name = Products;
			sourceTree = "<group>";
		};
		166257201434BAA4006CA328 /* Frameworks */ = {
			isa = PBXGroup;
			children = (
				166257211434BAA4006CA328 /* UIKit.framework */,
				166257231434BAA4006CA328 /* Foundation.framework */,
				166257251434BAA4006CA328 /* CoreGraphics.framework */,
			);
			name = Frameworks;
			sourceTree = "<group>";
		};
		166257271434BAA4006CA328 /* TipCalculator */ = {
			isa = PBXGroup;
			children = (
				166257301434BAA4006CA328 /* TipCalculatorAppDelegate.h */,
				166257311434BAA4006CA328 /* TipCalculatorAppDelegate.m */,
				166257481434C364006CA328 /* ContentController.h */,
				166257491434C364006CA328 /* ContentController.m */,
				1662573C1434BAD0006CA328 /* View Controllers */,
				1662573D1434BADE006CA328 /* Model + Data */,
				1662573B1434BAB3006CA328 /* Views */,
				166257281434BAA4006CA328 /* Supporting Files */,
			);
			path = TipCalculator;
			sourceTree = "<group>";
		};
		166257281434BAA4006CA328 /* Supporting Files */ = {
			isa = PBXGroup;
			children = (
				166257291434BAA4006CA328 /* TipCalculator-Info.plist */,
				1662572A1434BAA4006CA328 /* InfoPlist.strings */,
				1662572D1434BAA4006CA328 /* main.m */,
				1662572F1434BAA4006CA328 /* TipCalculator-Prefix.pch */,
			);
			name = "Supporting Files";
			sourceTree = "<group>";
		};
		1662573B1434BAB3006CA328 /* Views */ = {
			isa = PBXGroup;
			children = (
				166257331434BAA4006CA328 /* MainWindow.xib */,
				166257531434CBB0006CA328 /* Content.xib */,
				166257571434D624006CA328 /* SummaryViewController.xib */,
				1662575C1434D66C006CA328 /* AdjustmentsViewController.xib */,
			);
			name = Views;
			sourceTree = "<group>";
		};
		1662573C1434BAD0006CA328 /* View Controllers */ = {
			isa = PBXGroup;
			children = (
				166257551434D624006CA328 /* SummaryViewController.h */,
				166257561434D624006CA328 /* SummaryViewController.m */,
				1662575A1434D66C006CA328 /* AdjustmentsViewController.h */,
				1662575B1434D66C006CA328 /* AdjustmentsViewController.m */,
			);
			name = "View Controllers";
			sourceTree = "<group>";
		};
		1662573D1434BADE006CA328 /* Model + Data */ = {
			isa = PBXGroup;
			children = (
			);
			name = "Model + Data";
			sourceTree = "<group>";
		};
/* End PBXGroup section */

/* Begin PBXNativeTarget section */
		1662571C1434BAA4006CA328 /* TipCalculator */ = {
			isa = PBXNativeTarget;
			buildConfigurationList = 166257381434BAA4006CA328 /* Build configuration list for PBXNativeTarget "TipCalculator" */;
			buildPhases = (
				166257191434BAA4006CA328 /* Sources */,
				1662571A1434BAA4006CA328 /* Frameworks */,
				1662571B1434BAA4006CA328 /* Resources */,
			);
			buildRules = (
			);
			dependencies = (
			);
			name = TipCalculator;
			productName = TipCalculator;
			productReference = 1662571D1434BAA4006CA328 /* TipCalculator.app */;
			productType = "com.apple.product-type.application";
		};
/* End PBXNativeTarget section */

/* Begin PBXProject section */
		166257141434BAA4006CA328 /* Project object */ = {
			isa = PBXProject;
			buildConfigurationList = 166257171434BAA4006CA328 /* Build configuration list for PBXProject "TipCalculator" */;
			compatibilityVersion = "Xcode 3.2";
			developmentRegion = English;
			hasScannedForEncodings = 0;
			knownRegions = (
				en,
			);
			mainGroup = 166257121434BAA4006CA328;
			productRefGroup = 1662571E1434BAA4006CA328 /* Products */;
			projectDirPath = "";
			projectRoot = "";
			targets = (
				1662571C1434BAA4006CA328 /* TipCalculator */,
			);
		};
/* End PBXProject section */

/* Begin PBXResourcesBuildPhase section */
		1662571B1434BAA4006CA328 /* Resources */ = {
			isa = PBXResourcesBuildPhase;
			buildActionMask = 2147483647;
			files = (
				1662572C1434BAA4006CA328 /* InfoPlist.strings in Resources */,
				166257351434BAA4006CA328 /* MainWindow.xib in Resources */,
				166257541434CBB0006CA328 /* Content.xib in Resources */,
				166257591434D624006CA328 /* SummaryViewController.xib in Resources */,
				1662575E1434D66C006CA328 /* AdjustmentsViewController.xib in Resources */,
			);
			runOnlyForDeploymentPostprocessing = 0;
		};
/* End PBXResourcesBuildPhase section */

/* Begin PBXSourcesBuildPhase section */
		166257191434BAA4006CA328 /* Sources */ = {
			isa = PBXSourcesBuildPhase;
			buildActionMask = 2147483647;
			files = (
				1662572E1434BAA4006CA328 /* main.m in Sources */,
				166257321434BAA4006CA328 /* TipCalculatorAppDelegate.m in Sources */,
				1662574A1434C364006CA328 /* ContentController.m in Sources */,
				166257581434D624006CA328 /* SummaryViewController.m in Sources */,
				1662575D1434D66C006CA328 /* AdjustmentsViewController.m in Sources */,
			);
			runOnlyForDeploymentPostprocessing = 0;
		};
/* End PBXSourcesBuildPhase section */

/* Begin PBXVariantGroup section */
		1662572A1434BAA4006CA328 /* InfoPlist.strings */ = {
			isa = PBXVariantGroup;
			children = (
				1662572B1434BAA4006CA328 /* en */,
			);
			name = InfoPlist.strings;
			sourceTree = "<group>";
		};
		166257331434BAA4006CA328 /* MainWindow.xib */ = {
			isa = PBXVariantGroup;
			children = (
				166257341434BAA4006CA328 /* en */,
			);
			name = MainWindow.xib;
			sourceTree = "<group>";
		};
/* End PBXVariantGroup section */

/* Begin XCBuildConfiguration section */
		166257361434BAA4006CA328 /* Debug */ = {
			isa = XCBuildConfiguration;
			buildSettings = {
				ALWAYS_SEARCH_USER_PATHS = NO;
				ARCHS = "$(ARCHS_STANDARD_32_BIT)";
				"CODE_SIGN_IDENTITY[sdk=iphoneos*]" = "iPhone Developer";
				COPY_PHASE_STRIP = NO;
				GCC_C_LANGUAGE_STANDARD = gnu99;
				GCC_DYNAMIC_NO_PIC = NO;
				GCC_OPTIMIZATION_LEVEL = 0;
				GCC_PREPROCESSOR_DEFINITIONS = (
					"DEBUG=1",
					"$(inherited)",
				);
				GCC_SYMBOLS_PRIVATE_EXTERN = NO;
				GCC_VERSION = com.apple.compilers.llvmgcc42;
				GCC_WARN_ABOUT_MISSING_PROTOTYPES = YES;
				GCC_WARN_ABOUT_RETURN_TYPE = YES;
				GCC_WARN_UNUSED_VARIABLE = YES;
				IPHONEOS_DEPLOYMENT_TARGET = 4.3;
				SDKROOT = iphoneos;
			};
			name = Debug;
		};
		166257371434BAA4006CA328 /* Release */ = {
			isa = XCBuildConfiguration;
			buildSettings = {
				ALWAYS_SEARCH_USER_PATHS = NO;
				ARCHS = "$(ARCHS_STANDARD_32_BIT)";
				"CODE_SIGN_IDENTITY[sdk=iphoneos*]" = "iPhone Developer";
				COPY_PHASE_STRIP = YES;
				GCC_C_LANGUAGE_STANDARD = gnu99;
				GCC_VERSION = com.apple.compilers.llvmgcc42;
				GCC_WARN_ABOUT_MISSING_PROTOTYPES = YES;
				GCC_WARN_ABOUT_RETURN_TYPE = YES;
				GCC_WARN_UNUSED_VARIABLE = YES;
				IPHONEOS_DEPLOYMENT_TARGET = 4.3;
				OTHER_CFLAGS = "-DNS_BLOCK_ASSERTIONS=1";
				SDKROOT = iphoneos;
				VALIDATE_PRODUCT = YES;
			};
			name = Release;
		};
		166257391434BAA4006CA328 /* Debug */ = {
			isa = XCBuildConfiguration;
			buildSettings = {
				GCC_PRECOMPILE_PREFIX_HEADER = YES;
				GCC_PREFIX_HEADER = "TipCalculator/TipCalculator-Prefix.pch";
				INFOPLIST_FILE = "TipCalculator/TipCalculator-Info.plist";
				PRODUCT_NAME = "$(TARGET_NAME)";
				WRAPPER_EXTENSION = app;
			};
			name = Debug;
		};
		1662573A1434BAA4006CA328 /* Release */ = {
			isa = XCBuildConfiguration;
			buildSettings = {
				GCC_PRECOMPILE_PREFIX_HEADER = YES;
				GCC_PREFIX_HEADER = "TipCalculator/TipCalculator-Prefix.pch";
				INFOPLIST_FILE = "TipCalculator/TipCalculator-Info.plist";
				PRODUCT_NAME = "$(TARGET_NAME)";
				WRAPPER_EXTENSION = app;
			};
			name = Release;
		};
/* End XCBuildConfiguration section */

/* Begin XCConfigurationList section */
		166257171434BAA4006CA328 /* Build configuration list for PBXProject "TipCalculator" */ = {
			isa = XCConfigurationList;
			buildConfigurations = (
				166257361434BAA4006CA328 /* Debug */,
				166257371434BAA4006CA328 /* Release */,
			);
			defaultConfigurationIsVisible = 0;
			defaultConfigurationName = Release;
		};
		166257381434BAA4006CA328 /* Build configuration list for PBXNativeTarget "TipCalculator" */ = {
			isa = XCConfigurationList;
			buildConfigurations = (
				166257391434BAA4006CA328 /* Debug */,
				1662573A1434BAA4006CA328 /* Release */,
			);
			defaultConfigurationIsVisible = 0;
		};
/* End XCConfigurationList section */
	};
	rootObject = 166257141434BAA4006CA328 /* Project object */;
}
